// !$*UTF8*$!
{
	archiveVersion = 1;
	classes = {
	};
	objectVersion = 48;
	objects = {

/* Begin PBXBuildFile section */
		937459081FD9356200C6D837 /* Gamescene.swift in Sources */ = {isa = PBXBuildFile; fileRef = 937459071FD9356200C6D837 /* Gamescene.swift */; };
		9374590C1FD9388C00C6D837 /* cat.png in Resources */ = {isa = PBXBuildFile; fileRef = 9374590B1FD9388C00C6D837 /* cat.png */; };
		9374590E1FDAC7A500C6D837 /* explosion.png in Resources */ = {isa = PBXBuildFile; fileRef = 9374590D1FDAC7A500C6D837 /* explosion.png */; };
		93AD50B81FDFC5CD00A6B2FC /* Trigger.swift in Sources */ = {isa = PBXBuildFile; fileRef = 93AD50B71FDFC5CD00A6B2FC /* Trigger.swift */; };
		93D405A71FD6C5380088EC25 /* AppDelegate.swift in Sources */ = {isa = PBXBuildFile; fileRef = 93D405A61FD6C5380088EC25 /* AppDelegate.swift */; };
		93D405A91FD6C5380088EC25 /* GameViewController.swift in Sources */ = {isa = PBXBuildFile; fileRef = 93D405A81FD6C5380088EC25 /* GameViewController.swift */; };
		93D405AC1FD6C5380088EC25 /* Main.storyboard in Resources */ = {isa = PBXBuildFile; fileRef = 93D405AA1FD6C5380088EC25 /* Main.storyboard */; };
		93D405AF1FD6C5380088EC25 /* Cainreaction.xcdatamodeld in Sources */ = {isa = PBXBuildFile; fileRef = 93D405AD1FD6C5380088EC25 /* Cainreaction.xcdatamodeld */; };
		93D405B11FD6C5380088EC25 /* Assets.xcassets in Resources */ = {isa = PBXBuildFile; fileRef = 93D405B01FD6C5380088EC25 /* Assets.xcassets */; };
		93D405B41FD6C5380088EC25 /* LaunchScreen.storyboard in Resources */ = {isa = PBXBuildFile; fileRef = 93D405B21FD6C5380088EC25 /* LaunchScreen.storyboard */; };
/* End PBXBuildFile section */

/* Begin PBXFileReference section */
		937459071FD9356200C6D837 /* Gamescene.swift */ = {isa = PBXFileReference; lastKnownFileType = sourcecode.swift; path = Gamescene.swift; sourceTree = "<group>"; };
		9374590B1FD9388C00C6D837 /* cat.png */ = {isa = PBXFileReference; lastKnownFileType = image.png; path = cat.png; sourceTree = "<group>"; };
		9374590D1FDAC7A500C6D837 /* explosion.png */ = {isa = PBXFileReference; lastKnownFileType = image.png; path = explosion.png; sourceTree = "<group>"; };
		93AD50B71FDFC5CD00A6B2FC /* Trigger.swift */ = {isa = PBXFileReference; lastKnownFileType = sourcecode.swift; path = Trigger.swift; sourceTree = "<group>"; };
		93D405A31FD6C5380088EC25 /* Cainreaction.app */ = {isa = PBXFileReference; explicitFileType = wrapper.application; includeInIndex = 0; path = Cainreaction.app; sourceTree = BUILT_PRODUCTS_DIR; };
		93D405A61FD6C5380088EC25 /* AppDelegate.swift */ = {isa = PBXFileReference; lastKnownFileType = sourcecode.swift; path = AppDelegate.swift; sourceTree = "<group>"; };
		93D405A81FD6C5380088EC25 /* GameViewController.swift */ = {isa = PBXFileReference; lastKnownFileType = sourcecode.swift; path = GameViewController.swift; sourceTree = "<group>"; };
		93D405AB1FD6C5380088EC25 /* Base */ = {isa = PBXFileReference; lastKnownFileType = file.storyboard; name = Base; path = Base.lproj/Main.storyboard; sourceTree = "<group>"; };
		93D405AE1FD6C5380088EC25 /* Cainreaction.xcdatamodel */ = {isa = PBXFileReference; lastKnownFileType = wrapper.xcdatamodel; path = Cainreaction.xcdatamodel; sourceTree = "<group>"; };
		93D405B01FD6C5380088EC25 /* Assets.xcassets */ = {isa = PBXFileReference; lastKnownFileType = folder.assetcatalog; path = Assets.xcassets; sourceTree = "<group>"; };
		93D405B31FD6C5380088EC25 /* Base */ = {isa = PBXFileReference; lastKnownFileType = file.storyboard; name = Base; path = Base.lproj/LaunchScreen.storyboard; sourceTree = "<group>"; };
		93D405B51FD6C5380088EC25 /* Info.plist */ = {isa = PBXFileReference; lastKnownFileType = text.plist.xml; path = Info.plist; sourceTree = "<group>"; };
/* End PBXFileReference section */

/* Begin PBXFrameworksBuildPhase section */
		93D405A01FD6C5380088EC25 /* Frameworks */ = {
			isa = PBXFrameworksBuildPhase;
			buildActionMask = 2147483647;
			files = (
			);
			runOnlyForDeploymentPostprocessing = 0;
		};
/* End PBXFrameworksBuildPhase section */

/* Begin PBXGroup section */
		937459091FD9366500C6D837 /* Scenes */ = {
			isa = PBXGroup;
			children = (
				937459071FD9356200C6D837 /* Gamescene.swift */,
				93AD50B71FDFC5CD00A6B2FC /* Trigger.swift */,
			);
			path = Scenes;
			sourceTree = "<group>";
		};
		9374590A1FD9375300C6D837 /* Ressource */ = {
			isa = PBXGroup;
			children = (
				9374590B1FD9388C00C6D837 /* cat.png */,
				9374590D1FDAC7A500C6D837 /* explosion.png */,
			);
			path = Ressource;
			sourceTree = "<group>";
		};
		93D4059A1FD6C5380088EC25 = {
			isa = PBXGroup;
			children = (
				93D405A51FD6C5380088EC25 /* Cainreaction */,
				93D405A41FD6C5380088EC25 /* Products */,
			);
			sourceTree = "<group>";
		};
		93D405A41FD6C5380088EC25 /* Products */ = {
			isa = PBXGroup;
			children = (
				93D405A31FD6C5380088EC25 /* Cainreaction.app */,
			);
			name = Products;
			sourceTree = "<group>";
		};
		93D405A51FD6C5380088EC25 /* Cainreaction */ = {
			isa = PBXGroup;
			children = (
				9374590A1FD9375300C6D837 /* Ressource */,
				93D405A61FD6C5380088EC25 /* AppDelegate.swift */,
				93D405A81FD6C5380088EC25 /* GameViewController.swift */,
				937459091FD9366500C6D837 /* Scenes */,
				93D405AA1FD6C5380088EC25 /* Main.storyboard */,
				93D405B01FD6C5380088EC25 /* Assets.xcassets */,
				93D405B21FD6C5380088EC25 /* LaunchScreen.storyboard */,
				93D405B51FD6C5380088EC25 /* Info.plist */,
				93D405AD1FD6C5380088EC25 /* Cainreaction.xcdatamodeld */,
			);
			path = Cainreaction;
			sourceTree = "<group>";
		};
/* End PBXGroup section */

/* Begin PBXNativeTarget section */
		93D405A21FD6C5380088EC25 /* Cainreaction */ = {
			isa = PBXNativeTarget;
			buildConfigurationList = 93D405B81FD6C5380088EC25 /* Build configuration list for PBXNativeTarget "Cainreaction" */;
			buildPhases = (
				93D4059F1FD6C5380088EC25 /* Sources */,
				93D405A01FD6C5380088EC25 /* Frameworks */,
				93D405A11FD6C5380088EC25 /* Resources */,
			);
			buildRules = (
			);
			dependencies = (
			);
			name = Cainreaction;
			productName = Cainreaction;
			productReference = 93D405A31FD6C5380088EC25 /* Cainreaction.app */;
			productType = "com.apple.product-type.application";
		};
/* End PBXNativeTarget section */

/* Begin PBXProject section */
		93D4059B1FD6C5380088EC25 /* Project object */ = {
			isa = PBXProject;
			attributes = {
				LastSwiftUpdateCheck = 0910;
				LastUpgradeCheck = 0910;
				ORGANIZATIONNAME = "Tørk Egeberg";
				TargetAttributes = {
					93D405A21FD6C5380088EC25 = {
						CreatedOnToolsVersion = 9.1;
						ProvisioningStyle = Automatic;
					};
				};
			};
			buildConfigurationList = 93D4059E1FD6C5380088EC25 /* Build configuration list for PBXProject "Cainreaction" */;
			compatibilityVersion = "Xcode 8.0";
			developmentRegion = en;
			hasScannedForEncodings = 0;
			knownRegions = (
				en,
				Base,
			);
			mainGroup = 93D4059A1FD6C5380088EC25;
			productRefGroup = 93D405A41FD6C5380088EC25 /* Products */;
			projectDirPath = "";
			projectRoot = "";
			targets = (
				93D405A21FD6C5380088EC25 /* Cainreaction */,
			);
		};
/* End PBXProject section */

/* Begin PBXResourcesBuildPhase section */
		93D405A11FD6C5380088EC25 /* Resources */ = {
			isa = PBXResourcesBuildPhase;
			buildActionMask = 2147483647;
			files = (
				93D405B41FD6C5380088EC25 /* LaunchScreen.storyboard in Resources */,
				93D405B11FD6C5380088EC25 /* Assets.xcassets in Resources */,
				9374590C1FD9388C00C6D837 /* cat.png in Resources */,
				93D405AC1FD6C5380088EC25 /* Main.storyboard in Resources */,
				9374590E1FDAC7A500C6D837 /* explosion.png in Resources */,
			);
			runOnlyForDeploymentPostprocessing = 0;
		};
/* End PBXResourcesBuildPhase section */

/* Begin PBXSourcesBuildPhase section */
		93D4059F1FD6C5380088EC25 /* Sources */ = {
			isa = PBXSourcesBuildPhase;
			buildActionMask = 2147483647;
			files = (
				93D405A91FD6C5380088EC25 /* GameViewController.swift in Sources */,
				93D405A71FD6C5380088EC25 /* AppDelegate.swift in Sources */,
				937459081FD9356200C6D837 /* Gamescene.swift in Sources */,
				93AD50B81FDFC5CD00A6B2FC /* Trigger.swift in Sources */,
				93D405AF1FD6C5380088EC25 /* Cainreaction.xcdatamodeld in Sources */,
			);
			runOnlyForDeploymentPostprocessing = 0;
		};
/* End PBXSourcesBuildPhase section */

/* Begin PBXVariantGroup section */
		93D405AA1FD6C5380088EC25 /* Main.storyboard */ = {
			isa = PBXVariantGroup;
			children = (
				93D405AB1FD6C5380088EC25 /* Base */,
			);
			name = Main.storyboard;
			sourceTree = "<group>";
		};
		93D405B21FD6C5380088EC25 /* LaunchScreen.storyboard */ = {
			isa = PBXVariantGroup;
			children = (
				93D405B31FD6C5380088EC25 /* Base */,
			);
			name = LaunchScreen.storyboard;
			sourceTree = "<group>";
		};
/* End PBXVariantGroup section */

/* Begin XCBuildConfiguration section */
		93D405B61FD6C5380088EC25 /* Debug */ = {
			isa = XCBuildConfiguration;
			buildSettings = {
				ALWAYS_SEARCH_USER_PATHS = NO;
				CLANG_ANALYZER_NONNULL = YES;
				CLANG_ANALYZER_NUMBER_OBJECT_CONVERSION = YES_AGGRESSIVE;
				CLANG_CXX_LANGUAGE_STANDARD = "gnu++14";
				CLANG_CXX_LIBRARY = "libc++";
				CLANG_ENABLE_MODULES = YES;
				CLANG_ENABLE_OBJC_ARC = YES;
				CLANG_WARN_BLOCK_CAPTURE_AUTORELEASING = YES;
				CLANG_WARN_BOOL_CONVERSION = YES;
				CLANG_WARN_COMMA = YES;
				CLANG_WARN_CONSTANT_CONVERSION = YES;
				CLANG_WARN_DIRECT_OBJC_ISA_USAGE = YES_ERROR;
				CLANG_WARN_DOCUMENTATION_COMMENTS = YES;
				CLANG_WARN_EMPTY_BODY = YES;
				CLANG_WARN_ENUM_CONVERSION = YES;
				CLANG_WARN_INFINITE_RECURSION = YES;
				CLANG_WARN_INT_CONVERSION = YES;
				CLANG_WARN_NON_LITERAL_NULL_CONVERSION = YES;
				CLANG_WARN_OBJC_LITERAL_CONVERSION = YES;
				CLANG_WARN_OBJC_ROOT_CLASS = YES_ERROR;
				CLANG_WARN_RANGE_LOOP_ANALYSIS = YES;
				CLANG_WARN_STRICT_PROTOTYPES = YES;
				CLANG_WARN_SUSPICIOUS_MOVE = YES;
				CLANG_WARN_UNGUARDED_AVAILABILITY = YES_AGGRESSIVE;
				CLANG_WARN_UNREACHABLE_CODE = YES;
				CLANG_WARN__DUPLICATE_METHOD_MATCH = YES;
				CODE_SIGN_IDENTITY = "iPhone Developer";
				COPY_PHASE_STRIP = NO;
				DEBUG_INFORMATION_FORMAT = dwarf;
				ENABLE_STRICT_OBJC_MSGSEND = YES;
				ENABLE_TESTABILITY = YES;
				GCC_C_LANGUAGE_STANDARD = gnu11;
				GCC_DYNAMIC_NO_PIC = NO;
				GCC_NO_COMMON_BLOCKS = YES;
				GCC_OPTIMIZATION_LEVEL = 0;
				GCC_PREPROCESSOR_DEFINITIONS = (
					"DEBUG=1",
					"$(inherited)",
				);
				GCC_WARN_64_TO_32_BIT_CONVERSION = YES;
				GCC_WARN_ABOUT_RETURN_TYPE = YES_ERROR;
				GCC_WARN_UNDECLARED_SELECTOR = YES;
				GCC_WARN_UNINITIALIZED_AUTOS = YES_AGGRESSIVE;
				GCC_WARN_UNUSED_FUNCTION = YES;
				GCC_WARN_UNUSED_VARIABLE = YES;
				IPHONEOS_DEPLOYMENT_TARGET = 11.1;
				MTL_ENABLE_DEBUG_INFO = YES;
				ONLY_ACTIVE_ARCH = YES;
				SDKROOT = iphoneos;
				SWIFT_ACTIVE_COMPILATION_CONDITIONS = DEBUG;
				SWIFT_OPTIMIZATION_LEVEL = "-Onone";
			};
			name = Debug;
		};
		93D405B71FD6C5380088EC25 /* Release */ = {
			isa = XCBuildConfiguration;
			buildSettings = {
				ALWAYS_SEARCH_USER_PATHS = NO;
				CLANG_ANALYZER_NONNULL = YES;
				CLANG_ANALYZER_NUMBER_OBJECT_CONVERSION = YES_AGGRESSIVE;
				CLANG_CXX_LANGUAGE_STANDARD = "gnu++14";
				CLANG_CXX_LIBRARY = "libc++";
				CLANG_ENABLE_MODULES = YES;
				CLANG_ENABLE_OBJC_ARC = YES;
				CLANG_WARN_BLOCK_CAPTURE_AUTORELEASING = YES;
				CLANG_WARN_BOOL_CONVERSION = YES;
				CLANG_WARN_COMMA = YES;
				CLANG_WARN_CONSTANT_CONVERSION = YES;
				CLANG_WARN_DIRECT_OBJC_ISA_USAGE = YES_ERROR;
				CLANG_WARN_DOCUMENTATION_COMMENTS = YES;
				CLANG_WARN_EMPTY_BODY = YES;
				CLANG_WARN_ENUM_CONVERSION = YES;
				CLANG_WARN_INFINITE_RECURSION = YES;
				CLANG_WARN_INT_CONVERSION = YES;
				CLANG_WARN_NON_LITERAL_NULL_CONVERSION = YES;
				CLANG_WARN_OBJC_LITERAL_CONVERSION = YES;
				CLANG_WARN_OBJC_ROOT_CLASS = YES_ERROR;
				CLANG_WARN_RANGE_LOOP_ANALYSIS = YES;
				CLANG_WARN_STRICT_PROTOTYPES = YES;
				CLANG_WARN_SUSPICIOUS_MOVE = YES;
				CLANG_WARN_UNGUARDED_AVAILABILITY = YES_AGGRESSIVE;
				CLANG_WARN_UNREACHABLE_CODE = YES;
				CLANG_WARN__DUPLICATE_METHOD_MATCH = YES;
				CODE_SIGN_IDENTITY = "iPhone Developer";
				COPY_PHASE_STRIP = NO;
				DEBUG_INFORMATION_FORMAT = "dwarf-with-dsym";
				ENABLE_NS_ASSERTIONS = NO;
				ENABLE_STRICT_OBJC_MSGSEND = YES;
				GCC_C_LANGUAGE_STANDARD = gnu11;
				GCC_NO_COMMON_BLOCKS = YES;
				GCC_WARN_64_TO_32_BIT_CONVERSION = YES;
				GCC_WARN_ABOUT_RETURN_TYPE = YES_ERROR;
				GCC_WARN_UNDECLARED_SELECTOR = YES;
				GCC_WARN_UNINITIALIZED_AUTOS = YES_AGGRESSIVE;
				GCC_WARN_UNUSED_FUNCTION = YES;
				GCC_WARN_UNUSED_VARIABLE = YES;
				IPHONEOS_DEPLOYMENT_TARGET = 11.1;
				MTL_ENABLE_DEBUG_INFO = NO;
				SDKROOT = iphoneos;
				SWIFT_OPTIMIZATION_LEVEL = "-Owholemodule";
				VALIDATE_PRODUCT = YES;
			};
			name = Release;
		};
		93D405B91FD6C5380088EC25 /* Debug */ = {
			isa = XCBuildConfiguration;
			buildSettings = {
				ASSETCATALOG_COMPILER_APPICON_NAME = AppIcon;
				CODE_SIGN_STYLE = Automatic;
				INFOPLIST_FILE = Cainreaction/Info.plist;
				LD_RUNPATH_SEARCH_PATHS = "$(inherited) @executable_path/Frameworks";
				PRODUCT_BUNDLE_IDENTIFIER = com.TBE.Cainreaction;
				PRODUCT_NAME = "$(TARGET_NAME)";
				SWIFT_VERSION = 4.0;
				TARGETED_DEVICE_FAMILY = "1,2";
			};
			name = Debug;
		};
		93D405BA1FD6C5380088EC25 /* Release */ = {
			isa = XCBuildConfiguration;
			buildSettings = {
				ASSETCATALOG_COMPILER_APPICON_NAME = AppIcon;
				CODE_SIGN_STYLE = Automatic;
				INFOPLIST_FILE = Cainreaction/Info.plist;
				LD_RUNPATH_SEARCH_PATHS = "$(inherited) @executable_path/Frameworks";
				PRODUCT_BUNDLE_IDENTIFIER = com.TBE.Cainreaction;
				PRODUCT_NAME = "$(TARGET_NAME)";
				SWIFT_VERSION = 4.0;
				TARGETED_DEVICE_FAMILY = "1,2";
			};
			name = Release;
		};
/* End XCBuildConfiguration section */

/* Begin XCConfigurationList section */
		93D4059E1FD6C5380088EC25 /* Build configuration list for PBXProject "Cainreaction" */ = {
			isa = XCConfigurationList;
			buildConfigurations = (
				93D405B61FD6C5380088EC25 /* Debug */,
				93D405B71FD6C5380088EC25 /* Release */,
			);
			defaultConfigurationIsVisible = 0;
			defaultConfigurationName = Release;
		};
		93D405B81FD6C5380088EC25 /* Build configuration list for PBXNativeTarget "Cainreaction" */ = {
			isa = XCConfigurationList;
			buildConfigurations = (
				93D405B91FD6C5380088EC25 /* Debug */,
				93D405BA1FD6C5380088EC25 /* Release */,
			);
			defaultConfigurationIsVisible = 0;
			defaultConfigurationName = Release;
		};
/* End XCConfigurationList section */

/* Begin XCVersionGroup section */
		93D405AD1FD6C5380088EC25 /* Cainreaction.xcdatamodeld */ = {
			isa = XCVersionGroup;
			children = (
				93D405AE1FD6C5380088EC25 /* Cainreaction.xcdatamodel */,
			);
			currentVersion = 93D405AE1FD6C5380088EC25 /* Cainreaction.xcdatamodel */;
			path = Cainreaction.xcdatamodeld;
			sourceTree = "<group>";
			versionGroupType = wrapper.xcdatamodel;
		};
/* End XCVersionGroup section */
	};
	rootObject = 93D4059B1FD6C5380088EC25 /* Project object */;
}
